
Microsoft Visual Studio Solution File, Format Version 12.00
# Visual Studio 15
VisualStudioVersion = 15.0.27428.2015
MinimumVisualStudioVersion = 10.0.40219.1
Project("{9A19103F-16F7-4668-BE54-9A1E7A4F7556}") = "Com.Api", "Com.Api\Com.Api.csproj", "{7DEBCCC4-02B0-43C0-A059-FE62F4074FD2}"
EndProject
Project("{E53339B2-1760-4266-BCC7-CA923CBCF16C}") = "docker-compose", "docker-compose.dcproj", "{94D414DC-2D0F-4B73-AC21-A030562AA231}"
EndProject
Project("{9A19103F-16F7-4668-BE54-9A1E7A4F7556}") = "Com.Api.Backend", "Com.Api.Backend\Com.Api.Backend.csproj", "{A04DFD29-B316-4939-8FA1-4B65A80EA17D}"
EndProject
Project("{9A19103F-16F7-4668-BE54-9A1E7A4F7556}") = "Com.Lib", "Com.Lib\Com.Lib.csproj", "{D0B22AD5-B2F5-47C7-8511-4730F8C38BE1}"
EndProject
Global
	GlobalSection(SolutionConfigurationPlatforms) = preSolution
		Debug|Any CPU = Debug|Any CPU
		Release|Any CPU = Release|Any CPU
	EndGlobalSection
	GlobalSection(ProjectConfigurationPlatforms) = postSolution
		{7DEBCCC4-02B0-43C0-A059-FE62F4074FD2}.Debug|Any CPU.ActiveCfg = Debug|Any CPU
		{7DEBCCC4-02B0-43C0-A059-FE62F4074FD2}.Debug|Any CPU.Build.0 = Debug|Any CPU
		{7DEBCCC4-02B0-43C0-A059-FE62F4074FD2}.Release|Any CPU.ActiveCfg = Release|Any CPU
		{7DEBCCC4-02B0-43C0-A059-FE62F4074FD2}.Release|Any CPU.Build.0 = Release|Any CPU
		{94D414DC-2D0F-4B73-AC21-A030562AA231}.Debug|Any CPU.ActiveCfg = Debug|Any CPU
		{94D414DC-2D0F-4B73-AC21-A030562AA231}.Debug|Any CPU.Build.0 = Debug|Any CPU
		{94D414DC-2D0F-4B73-AC21-A030562AA231}.Release|Any CPU.ActiveCfg = Release|Any CPU
		{94D414DC-2D0F-4B73-AC21-A030562AA231}.Release|Any CPU.Build.0 = Release|Any CPU
		{A04DFD29-B316-4939-8FA1-4B65A80EA17D}.Debug|Any CPU.ActiveCfg = Debug|Any CPU
		{A04DFD29-B316-4939-8FA1-4B65A80EA17D}.Debug|Any CPU.Build.0 = Debug|Any CPU
		{A04DFD29-B316-4939-8FA1-4B65A80EA17D}.Release|Any CPU.ActiveCfg = Release|Any CPU
		{A04DFD29-B316-4939-8FA1-4B65A80EA17D}.Release|Any CPU.Build.0 = Release|Any CPU
		{D0B22AD5-B2F5-47C7-8511-4730F8C38BE1}.Debug|Any CPU.ActiveCfg = Debug|Any CPU
		{D0B22AD5-B2F5-47C7-8511-4730F8C38BE1}.Debug|Any CPU.Build.0 = Debug|Any CPU
		{D0B22AD5-B2F5-47C7-8511-4730F8C38BE1}.Release|Any CPU.ActiveCfg = Release|Any CPU
		{D0B22AD5-B2F5-47C7-8511-4730F8C38BE1}.Release|Any CPU.Build.0 = Release|Any CPU
	EndGlobalSection
	GlobalSection(SolutionProperties) = preSolution
		HideSolutionNode = FALSE
	EndGlobalSection
	GlobalSection(ExtensibilityGlobals) = postSolution
		SolutionGuid = {319E800F-D56E-437F-A848-9285819C950C}
	EndGlobalSection
EndGlobal
